PackratFormat: 1.4
PackratVersion: 0.5.0
RVersion: 3.6.1
Repos: CRAN=https://cran.rstudio.com/

Package: BH
Source: CRAN
Version: 1.69.0-1

Package: DBI
Source: CRAN
Version: 1.0.0

Package: DT
Source: CRAN
Version: 0.9
Requires: crosstalk, htmltools, htmlwidgets, jsonlite, magrittr,
    promises

Package: DiagrammeR
Source: CRAN
Version: 1.0.1
Requires: RColorBrewer, downloader, dplyr, glue, htmltools,
    htmlwidgets, igraph, influenceR, magrittr, purrr, readr, rgexf,
    rlang, rstudioapi, scales, stringr, tibble, tidyr, viridis,
    visNetwork

Package: KernSmooth
Source: CRAN
Version: 2.23-16
Hash: 15a3c9bf1c258139c15c8fbe7cff24cf

Package: MASS
Source: CRAN
Version: 7.3-51.4
Hash: 35b5e96d2946a20836d838f537bc7ab9

Package: Matrix
Source: CRAN
Version: 1.2-17
Requires: lattice
Hash: 3ee56b7c430e66a6222cf6d700788888

Package: R2HTML
Source: CRAN
Version: 2.3.2

Package: R6
Source: CRAN
Version: 2.4.0

Package: RColorBrewer
Source: CRAN
Version: 1.1-2

Package: RCurl
Source: CRAN
Version: 1.95-4.12
Requires: bitops

Package: RPostgreSQL
Source: CRAN
Version: 0.6-2
Requires: DBI

Package: Rcpp
Source: CRAN
Version: 1.0.2

Package: Rook
Source: CRAN
Version: 1.1-1
Requires: brew

Package: TSP
Source: CRAN
Version: 1.1-7
Requires: foreach

Package: XML
Source: CRAN
Version: 3.98-1.20

Package: ade4
Source: CRAN
Version: 1.7-13
Requires: MASS

Package: askpass
Source: CRAN
Version: 1.1
Requires: sys

Package: assertthat
Source: CRAN
Version: 0.2.1

Package: backports
Source: CRAN
Version: 1.1.5

Package: base64enc
Source: CRAN
Version: 0.1-3

Package: bitops
Source: CRAN
Version: 1.0-6

Package: brew
Source: CRAN
Version: 1.0-6

Package: broom
Source: CRAN
Version: 0.5.2
Requires: nlme, backports, dplyr, generics, purrr, reshape2, stringr,
    tibble, tidyr

Package: caTools
Source: CRAN
Version: 1.17.1.2
Requires: bitops

Package: callr
Source: CRAN
Version: 3.3.2
Requires: R6, processx

Package: cellranger
Source: CRAN
Version: 1.1.0
Requires: rematch, tibble

Package: class
Source: CRAN
Version: 7.3-15
Requires: MASS
Hash: 091170a909a9ab4165e312e699509560

Package: cli
Source: CRAN
Version: 1.1.0
Requires: assertthat, crayon

Package: clipr
Source: CRAN
Version: 0.7.0

Package: cluster
Source: CRAN
Version: 2.1.0
Hash: 697b650cb712ca63d098f828195e126c

Package: clusterSim
Source: CRAN
Version: 0.47-4
Requires: MASS, cluster, R2HTML, ade4, e1071, rgl

Package: codetools
Source: CRAN
Version: 0.2-16
Hash: eb51f6f32efbc11c76c48b9c4307f1b5

Package: colorspace
Source: CRAN
Version: 1.4-1

Package: config
Source: CRAN
Version: 0.3
Requires: yaml

Package: crayon
Source: CRAN
Version: 1.3.4

Package: crosstalk
Source: CRAN
Version: 1.0.0
Requires: R6, ggplot2, htmltools, jsonlite, lazyeval, shiny

Package: curl
Source: CRAN
Version: 4.2

Package: data.table
Source: CRAN
Version: 1.12.6

Package: data.tree
Source: CRAN
Version: 0.7.8
Requires: DiagrammeR, R6, stringr

Package: dbplyr
Source: CRAN
Version: 1.4.2
Requires: DBI, R6, assertthat, dplyr, glue, purrr, rlang, tibble,
    tidyselect

Package: dendextend
Source: CRAN
Version: 1.12.0
Requires: ggplot2, magrittr, viridis

Package: digest
Source: CRAN
Version: 0.6.22

Package: downloader
Source: CRAN
Version: 0.4
Requires: digest

Package: dplyr
Source: CRAN
Version: 0.8.3
Requires: BH, R6, Rcpp, assertthat, glue, magrittr, pkgconfig, plogr,
    rlang, tibble, tidyselect

Package: e1071
Source: CRAN
Version: 1.7-2
Requires: class

Package: ellipsis
Source: CRAN
Version: 0.3.0
Requires: rlang

Package: evaluate
Source: CRAN
Version: 0.14

Package: fansi
Source: CRAN
Version: 0.4.0

Package: fastmap
Source: CRAN
Version: 1.0.1

Package: fingerprint
Source: CRAN
Version: 3.5.7

Package: forcats
Source: CRAN
Version: 0.4.0
Requires: ellipsis, magrittr, rlang, tibble

Package: foreach
Source: CRAN
Version: 1.4.7
Requires: codetools, iterators

Package: fs
Source: CRAN
Version: 1.3.1
Requires: Rcpp

Package: gclus
Source: CRAN
Version: 1.3.2
Requires: cluster

Package: gdata
Source: CRAN
Version: 2.18.0
Requires: gtools

Package: generics
Source: CRAN
Version: 0.0.2

Package: ggplot2
Source: CRAN
Version: 3.2.1
Requires: MASS, mgcv, digest, gtable, lazyeval, reshape2, rlang,
    scales, tibble, viridisLite, withr

Package: glue
Source: CRAN
Version: 1.3.1

Package: gplots
Source: CRAN
Version: 3.0.1.1
Requires: KernSmooth, caTools, gdata, gtools

Package: gridExtra
Source: CRAN
Version: 2.3
Requires: gtable

Package: gtable
Source: CRAN
Version: 0.3.0

Package: gtools
Source: CRAN
Version: 3.8.1

Package: haven
Source: CRAN
Version: 2.1.1
Requires: Rcpp, forcats, hms, readr, tibble

Package: heatmaply
Source: CRAN
Version: 0.16.0
Requires: RColorBrewer, assertthat, colorspace, dendextend, ggplot2,
    htmlwidgets, magrittr, plotly, reshape2, scales, seriation,
    viridis, webshot

Package: hexbin
Source: CRAN
Version: 1.27.3
Requires: lattice

Package: highr
Source: CRAN
Version: 0.8

Package: hms
Source: CRAN
Version: 0.5.2
Requires: pkgconfig, rlang, vctrs

Package: htmltools
Source: CRAN
Version: 0.4.0
Requires: Rcpp, digest, rlang

Package: htmlwidgets
Source: CRAN
Version: 1.5.1
Requires: htmltools, jsonlite, yaml

Package: httpuv
Source: CRAN
Version: 1.5.2
Requires: BH, R6, Rcpp, later, promises

Package: httr
Source: CRAN
Version: 1.4.1
Requires: R6, curl, jsonlite, mime, openssl

Package: igraph
Source: CRAN
Version: 1.2.4.1
Requires: Matrix, magrittr, pkgconfig

Package: influenceR
Source: CRAN
Version: 0.1.0
Requires: Matrix, igraph

Package: iterators
Source: CRAN
Version: 1.0.12

Package: itertools
Source: CRAN
Version: 0.1-3
Requires: iterators

Package: jsonlite
Source: CRAN
Version: 1.6

Package: knitr
Source: CRAN
Version: 1.25
Requires: evaluate, highr, markdown, stringr, xfun, yaml

Package: labeling
Source: CRAN
Version: 0.3

Package: later
Source: CRAN
Version: 1.0.0
Requires: BH, Rcpp, rlang

Package: lattice
Source: CRAN
Version: 0.20-38
Hash: 45211081d39bb6d5a89fd789105901aa

Package: lazyeval
Source: CRAN
Version: 0.2.2

Package: lifecycle
Source: CRAN
Version: 0.1.0
Requires: glue, rlang

Package: lubridate
Source: CRAN
Version: 1.7.4
Requires: Rcpp, stringr

Package: magrittr
Source: CRAN
Version: 1.5

Package: manipulateWidget
Source: CRAN
Version: 0.10.0
Requires: codetools, base64enc, htmltools, htmlwidgets, knitr, miniUI,
    shiny, webshot

Package: markdown
Source: CRAN
Version: 1.1
Requires: mime, xfun

Package: mgcv
Source: CRAN
Version: 1.8-29
Requires: Matrix, nlme
Hash: ba1261e932861cdf4a30dc3d438a779b

Package: mime
Source: CRAN
Version: 0.7

Package: miniUI
Source: CRAN
Version: 0.1.1.1
Requires: htmltools, shiny

Package: modelr
Source: CRAN
Version: 0.1.5
Requires: broom, dplyr, magrittr, purrr, rlang, tibble, tidyr

Package: munsell
Source: CRAN
Version: 0.5.0
Requires: colorspace

Package: nlme
Source: CRAN
Version: 3.1-140
Requires: lattice
Hash: 6871cfd9d01f15f5a06f22af2dd0a400

Package: openssl
Source: CRAN
Version: 1.4.1
Requires: askpass

Package: packrat
Source: CRAN
Version: 0.5.0
Hash: 498643e765d1442ba7b1160a1df3abf9

Package: pillar
Source: CRAN
Version: 1.4.2
Requires: cli, crayon, fansi, rlang, utf8, vctrs

Package: pkgconfig
Source: CRAN
Version: 2.0.3

Package: plogr
Source: CRAN
Version: 0.2.0

Package: plotly
Source: CRAN
Version: 4.9.0
Requires: RColorBrewer, base64enc, crosstalk, data.table, digest,
    dplyr, ggplot2, hexbin, htmltools, htmlwidgets, httr, jsonlite,
    lazyeval, magrittr, promises, purrr, rlang, scales, tibble, tidyr,
    viridisLite

Package: plyr
Source: CRAN
Version: 1.8.4
Requires: Rcpp

Package: png
Source: CRAN
Version: 0.1-7

Package: prettyunits
Source: CRAN
Version: 1.0.2
Requires: assertthat, magrittr

Package: processx
Source: CRAN
Version: 3.4.1
Requires: R6, ps

Package: progress
Source: CRAN
Version: 1.2.2
Requires: R6, crayon, hms, prettyunits

Package: promises
Source: CRAN
Version: 1.1.0
Requires: R6, Rcpp, later, magrittr, rlang

Package: ps
Source: CRAN
Version: 1.3.0

Package: purrr
Source: CRAN
Version: 0.3.3
Requires: magrittr, rlang

Package: qap
Source: CRAN
Version: 0.1-1

Package: rJava
Source: CRAN
Version: 0.9-11

Package: rcdk
Source: CRAN
Version: 3.4.7.1
Requires: fingerprint, iterators, itertools, png, rJava, rcdklibs

Package: rcdklibs
Source: CRAN
Version: 2.0
Requires: rJava

Package: readr
Source: CRAN
Version: 1.3.1
Requires: BH, R6, Rcpp, clipr, crayon, hms, tibble

Package: readxl
Source: CRAN
Version: 1.3.1
Requires: Rcpp, cellranger, progress, tibble

Package: registry
Source: CRAN
Version: 0.5-1

Package: rematch
Source: CRAN
Version: 1.0.1

Package: reprex
Source: CRAN
Version: 0.3.0
Requires: callr, clipr, fs, rlang, rmarkdown, whisker, withr

Package: reshape2
Source: CRAN
Version: 1.4.3
Requires: Rcpp, plyr, stringr

Package: rgexf
Source: CRAN
Version: 0.15.3
Requires: Rook, XML, igraph

Package: rgl
Source: CRAN
Version: 0.100.30
Requires: crosstalk, htmltools, htmlwidgets, jsonlite, knitr, magrittr,
    manipulateWidget, shiny

Package: rlang
Source: CRAN
Version: 0.4.1

Package: rmarkdown
Source: CRAN
Version: 1.16
Requires: base64enc, evaluate, htmltools, jsonlite, knitr, mime,
    stringr, tinytex, xfun, yaml

Package: rstudioapi
Source: CRAN
Version: 0.10

Package: rvest
Source: CRAN
Version: 0.3.4
Requires: httr, magrittr, selectr, xml2

Package: scales
Source: CRAN
Version: 1.0.0
Requires: R6, RColorBrewer, Rcpp, labeling, munsell, viridisLite

Package: selectr
Source: CRAN
Version: 0.4-1
Requires: R6, stringr

Package: seriation
Source: CRAN
Version: 1.2-8
Requires: MASS, cluster, TSP, colorspace, dendextend, gclus, gplots,
    qap, registry

Package: shiny
Source: CRAN
Version: 1.4.0
Requires: R6, crayon, digest, fastmap, htmltools, httpuv, jsonlite,
    later, mime, promises, rlang, sourcetools, xtable

Package: shinyHeatmaply
Source: CRAN
Version: 0.1.0
Requires: DT, RColorBrewer, dplyr, heatmaply, htmltools, htmlwidgets,
    jsonlite, plotly, readxl, shiny, viridis, xtable

Package: sourcetools
Source: CRAN
Version: 0.1.7

Package: stringi
Source: CRAN
Version: 1.4.3

Package: stringr
Source: CRAN
Version: 1.4.0
Requires: glue, magrittr, stringi

Package: sys
Source: CRAN
Version: 3.3

Package: tibble
Source: CRAN
Version: 2.1.3
Requires: cli, crayon, fansi, pillar, pkgconfig, rlang

Package: tidyr
Source: CRAN
Version: 1.0.0
Requires: Rcpp, dplyr, ellipsis, glue, lifecycle, magrittr, purrr,
    rlang, stringi, tibble, tidyselect, vctrs

Package: tidyselect
Source: CRAN
Version: 0.2.5
Requires: Rcpp, glue, purrr, rlang

Package: tidyverse
Source: CRAN
Version: 1.2.1
Requires: broom, cli, crayon, dbplyr, dplyr, forcats, ggplot2, haven,
    hms, httr, jsonlite, lubridate, magrittr, modelr, purrr, readr,
    readxl, reprex, rlang, rstudioapi, rvest, stringr, tibble, tidyr,
    xml2

Package: tinytex
Source: CRAN
Version: 0.17
Requires: xfun

Package: utf8
Source: CRAN
Version: 1.1.4

Package: vctrs
Source: CRAN
Version: 0.2.0
Requires: backports, digest, ellipsis, glue, rlang, zeallot

Package: viridis
Source: CRAN
Version: 0.5.1
Requires: ggplot2, gridExtra, viridisLite

Package: viridisLite
Source: CRAN
Version: 0.3.0

Package: visNetwork
Source: CRAN
Version: 2.0.8
Requires: htmltools, htmlwidgets, jsonlite, magrittr

Package: webshot
Source: CRAN
Version: 0.5.1
Requires: callr, jsonlite, magrittr

Package: whisker
Source: CRAN
Version: 0.4

Package: withr
Source: CRAN
Version: 2.1.2

Package: xfun
Source: CRAN
Version: 0.10

Package: xml2
Source: CRAN
Version: 1.2.2
Requires: Rcpp

Package: xtable
Source: CRAN
Version: 1.8-4

Package: yaml
Source: CRAN
Version: 2.2.0

Package: zeallot
Source: CRAN
Version: 0.1.0
